// !$*UTF8*$!
{
	archiveVersion = 1;
	classes = {
	};
	objectVersion = 56;
	objects = {

/* Begin PBXBuildFile section */
		F956938E29797AFF004718F1 /* AppDelegate.swift in Sources */ = {isa = PBXBuildFile; fileRef = F956938D29797AFF004718F1 /* AppDelegate.swift */; };
		F956939029797AFF004718F1 /* SceneDelegate.swift in Sources */ = {isa = PBXBuildFile; fileRef = F956938F29797AFF004718F1 /* SceneDelegate.swift */; };
		F956939229797AFF004718F1 /* ViewController.swift in Sources */ = {isa = PBXBuildFile; fileRef = F956939129797AFF004718F1 /* ViewController.swift */; };
		F956939529797AFF004718F1 /* Main.storyboard in Resources */ = {isa = PBXBuildFile; fileRef = F956939329797AFF004718F1 /* Main.storyboard */; };
		F956939729797AFF004718F1 /* Assets.xcassets in Resources */ = {isa = PBXBuildFile; fileRef = F956939629797AFF004718F1 /* Assets.xcassets */; };
		F956939A29797AFF004718F1 /* LaunchScreen.storyboard in Resources */ = {isa = PBXBuildFile; fileRef = F956939829797AFF004718F1 /* LaunchScreen.storyboard */; };
		F95693A529797B00004718F1 /* NoticeBoardTests.swift in Sources */ = {isa = PBXBuildFile; fileRef = F95693A429797B00004718F1 /* NoticeBoardTests.swift */; };
		F95693AF29797B00004718F1 /* NoticeBoardUITests.swift in Sources */ = {isa = PBXBuildFile; fileRef = F95693AE29797B00004718F1 /* NoticeBoardUITests.swift */; };
		F95693B129797B00004718F1 /* NoticeBoardUITestsLaunchTests.swift in Sources */ = {isa = PBXBuildFile; fileRef = F95693B029797B00004718F1 /* NoticeBoardUITestsLaunchTests.swift */; };
/* End PBXBuildFile section */

/* Begin PBXContainerItemProxy section */
		F95693A129797B00004718F1 /* PBXContainerItemProxy */ = {
			isa = PBXContainerItemProxy;
			containerPortal = F956938229797AFF004718F1 /* Project object */;
			proxyType = 1;
			remoteGlobalIDString = F956938929797AFF004718F1;
			remoteInfo = NoticeBoard;
		};
		F95693AB29797B00004718F1 /* PBXContainerItemProxy */ = {
			isa = PBXContainerItemProxy;
			containerPortal = F956938229797AFF004718F1 /* Project object */;
			proxyType = 1;
			remoteGlobalIDString = F956938929797AFF004718F1;
			remoteInfo = NoticeBoard;
		};
/* End PBXContainerItemProxy section */

/* Begin PBXFileReference section */
		F956938A29797AFF004718F1 /* NoticeBoard.app */ = {isa = PBXFileReference; explicitFileType = wrapper.application; includeInIndex = 0; path = NoticeBoard.app; sourceTree = BUILT_PRODUCTS_DIR; };
		F956938D29797AFF004718F1 /* AppDelegate.swift */ = {isa = PBXFileReference; lastKnownFileType = sourcecode.swift; path = AppDelegate.swift; sourceTree = "<group>"; };
		F956938F29797AFF004718F1 /* SceneDelegate.swift */ = {isa = PBXFileReference; lastKnownFileType = sourcecode.swift; path = SceneDelegate.swift; sourceTree = "<group>"; };
		F956939129797AFF004718F1 /* ViewController.swift */ = {isa = PBXFileReference; lastKnownFileType = sourcecode.swift; path = ViewController.swift; sourceTree = "<group>"; };
		F956939429797AFF004718F1 /* Base */ = {isa = PBXFileReference; lastKnownFileType = file.storyboard; name = Base; path = Base.lproj/Main.storyboard; sourceTree = "<group>"; };
		F956939629797AFF004718F1 /* Assets.xcassets */ = {isa = PBXFileReference; lastKnownFileType = folder.assetcatalog; path = Assets.xcassets; sourceTree = "<group>"; };
		F956939929797AFF004718F1 /* Base */ = {isa = PBXFileReference; lastKnownFileType = file.storyboard; name = Base; path = Base.lproj/LaunchScreen.storyboard; sourceTree = "<group>"; };
		F956939B29797AFF004718F1 /* Info.plist */ = {isa = PBXFileReference; lastKnownFileType = text.plist.xml; path = Info.plist; sourceTree = "<group>"; };
		F95693A029797B00004718F1 /* NoticeBoardTests.xctest */ = {isa = PBXFileReference; explicitFileType = wrapper.cfbundle; includeInIndex = 0; path = NoticeBoardTests.xctest; sourceTree = BUILT_PRODUCTS_DIR; };
		F95693A429797B00004718F1 /* NoticeBoardTests.swift */ = {isa = PBXFileReference; lastKnownFileType = sourcecode.swift; path = NoticeBoardTests.swift; sourceTree = "<group>"; };
		F95693AA29797B00004718F1 /* NoticeBoardUITests.xctest */ = {isa = PBXFileReference; explicitFileType = wrapper.cfbundle; includeInIndex = 0; path = NoticeBoardUITests.xctest; sourceTree = BUILT_PRODUCTS_DIR; };
		F95693AE29797B00004718F1 /* NoticeBoardUITests.swift */ = {isa = PBXFileReference; lastKnownFileType = sourcecode.swift; path = NoticeBoardUITests.swift; sourceTree = "<group>"; };
		F95693B029797B00004718F1 /* NoticeBoardUITestsLaunchTests.swift */ = {isa = PBXFileReference; lastKnownFileType = sourcecode.swift; path = NoticeBoardUITestsLaunchTests.swift; sourceTree = "<group>"; };
/* End PBXFileReference section */

/* Begin PBXFrameworksBuildPhase section */
		F956938729797AFF004718F1 /* Frameworks */ = {
			isa = PBXFrameworksBuildPhase;
			buildActionMask = 2147483647;
			files = (
			);
			runOnlyForDeploymentPostprocessing = 0;
		};
		F956939D29797B00004718F1 /* Frameworks */ = {
			isa = PBXFrameworksBuildPhase;
			buildActionMask = 2147483647;
			files = (
			);
			runOnlyForDeploymentPostprocessing = 0;
		};
		F95693A729797B00004718F1 /* Frameworks */ = {
			isa = PBXFrameworksBuildPhase;
			buildActionMask = 2147483647;
			files = (
			);
			runOnlyForDeploymentPostprocessing = 0;
		};
/* End PBXFrameworksBuildPhase section */

/* Begin PBXGroup section */
		F956938129797AFF004718F1 = {
			isa = PBXGroup;
			children = (
				F956938C29797AFF004718F1 /* NoticeBoard */,
				F95693A329797B00004718F1 /* NoticeBoardTests */,
				F95693AD29797B00004718F1 /* NoticeBoardUITests */,
				F956938B29797AFF004718F1 /* Products */,
			);
			sourceTree = "<group>";
		};
		F956938B29797AFF004718F1 /* Products */ = {
			isa = PBXGroup;
			children = (
				F956938A29797AFF004718F1 /* NoticeBoard.app */,
				F95693A029797B00004718F1 /* NoticeBoardTests.xctest */,
				F95693AA29797B00004718F1 /* NoticeBoardUITests.xctest */,
			);
			name = Products;
			sourceTree = "<group>";
		};
		F956938C29797AFF004718F1 /* NoticeBoard */ = {
			isa = PBXGroup;
			children = (
				F956938D29797AFF004718F1 /* AppDelegate.swift */,
				F956938F29797AFF004718F1 /* SceneDelegate.swift */,
				F956939129797AFF004718F1 /* ViewController.swift */,
				F956939329797AFF004718F1 /* Main.storyboard */,
				F956939629797AFF004718F1 /* Assets.xcassets */,
				F956939829797AFF004718F1 /* LaunchScreen.storyboard */,
				F956939B29797AFF004718F1 /* Info.plist */,
			);
			path = NoticeBoard;
			sourceTree = "<group>";
		};
		F95693A329797B00004718F1 /* NoticeBoardTests */ = {
			isa = PBXGroup;
			children = (
				F95693A429797B00004718F1 /* NoticeBoardTests.swift */,
			);
			path = NoticeBoardTests;
			sourceTree = "<group>";
		};
		F95693AD29797B00004718F1 /* NoticeBoardUITests */ = {
			isa = PBXGroup;
			children = (
				F95693AE29797B00004718F1 /* NoticeBoardUITests.swift */,
				F95693B029797B00004718F1 /* NoticeBoardUITestsLaunchTests.swift */,
			);
			path = NoticeBoardUITests;
			sourceTree = "<group>";
		};
/* End PBXGroup section */

/* Begin PBXNativeTarget section */
		F956938929797AFF004718F1 /* NoticeBoard */ = {
			isa = PBXNativeTarget;
			buildConfigurationList = F95693B429797B00004718F1 /* Build configuration list for PBXNativeTarget "NoticeBoard" */;
			buildPhases = (
				F956938629797AFF004718F1 /* Sources */,
				F956938729797AFF004718F1 /* Frameworks */,
				F956938829797AFF004718F1 /* Resources */,
			);
			buildRules = (
			);
			dependencies = (
			);
			name = NoticeBoard;
			productName = NoticeBoard;
			productReference = F956938A29797AFF004718F1 /* NoticeBoard.app */;
			productType = "com.apple.product-type.application";
		};
		F956939F29797B00004718F1 /* NoticeBoardTests */ = {
			isa = PBXNativeTarget;
			buildConfigurationList = F95693B729797B00004718F1 /* Build configuration list for PBXNativeTarget "NoticeBoardTests" */;
			buildPhases = (
				F956939C29797B00004718F1 /* Sources */,
				F956939D29797B00004718F1 /* Frameworks */,
				F956939E29797B00004718F1 /* Resources */,
			);
			buildRules = (
			);
			dependencies = (
				F95693A229797B00004718F1 /* PBXTargetDependency */,
			);
			name = NoticeBoardTests;
			productName = NoticeBoardTests;
			productReference = F95693A029797B00004718F1 /* NoticeBoardTests.xctest */;
			productType = "com.apple.product-type.bundle.unit-test";
		};
		F95693A929797B00004718F1 /* NoticeBoardUITests */ = {
			isa = PBXNativeTarget;
			buildConfigurationList = F95693BA29797B00004718F1 /* Build configuration list for PBXNativeTarget "NoticeBoardUITests" */;
			buildPhases = (
				F95693A629797B00004718F1 /* Sources */,
				F95693A729797B00004718F1 /* Frameworks */,
				F95693A829797B00004718F1 /* Resources */,
			);
			buildRules = (
			);
			dependencies = (
				F95693AC29797B00004718F1 /* PBXTargetDependency */,
			);
			name = NoticeBoardUITests;
			productName = NoticeBoardUITests;
			productReference = F95693AA29797B00004718F1 /* NoticeBoardUITests.xctest */;
			productType = "com.apple.product-type.bundle.ui-testing";
		};
/* End PBXNativeTarget section */

/* Begin PBXProject section */
		F956938229797AFF004718F1 /* Project object */ = {
			isa = PBXProject;
			attributes = {
				BuildIndependentTargetsInParallel = 1;
				LastSwiftUpdateCheck = 1420;
				LastUpgradeCheck = 1420;
				TargetAttributes = {
					F956938929797AFF004718F1 = {
						CreatedOnToolsVersion = 14.2;
					};
					F956939F29797B00004718F1 = {
						CreatedOnToolsVersion = 14.2;
						TestTargetID = F956938929797AFF004718F1;
					};
					F95693A929797B00004718F1 = {
						CreatedOnToolsVersion = 14.2;
						TestTargetID = F956938929797AFF004718F1;
					};
				};
			};
			buildConfigurationList = F956938529797AFF004718F1 /* Build configuration list for PBXProject "NoticeBoard" */;
			compatibilityVersion = "Xcode 14.0";
			developmentRegion = en;
			hasScannedForEncodings = 0;
			knownRegions = (
				en,
				Base,
			);
			mainGroup = F956938129797AFF004718F1;
			productRefGroup = F956938B29797AFF004718F1 /* Products */;
			projectDirPath = "";
			projectRoot = "";
			targets = (
				F956938929797AFF004718F1 /* NoticeBoard */,
				F956939F29797B00004718F1 /* NoticeBoardTests */,
				F95693A929797B00004718F1 /* NoticeBoardUITests */,
			);
		};
/* End PBXProject section */

/* Begin PBXResourcesBuildPhase section */
		F956938829797AFF004718F1 /* Resources */ = {
			isa = PBXResourcesBuildPhase;
			buildActionMask = 2147483647;
			files = (
				F956939A29797AFF004718F1 /* LaunchScreen.storyboard in Resources */,
				F956939729797AFF004718F1 /* Assets.xcassets in Resources */,
				F956939529797AFF004718F1 /* Main.storyboard in Resources */,
			);
			runOnlyForDeploymentPostprocessing = 0;
		};
		F956939E29797B00004718F1 /* Resources */ = {
			isa = PBXResourcesBuildPhase;
			buildActionMask = 2147483647;
			files = (
			);
			runOnlyForDeploymentPostprocessing = 0;
		};
		F95693A829797B00004718F1 /* Resources */ = {
			isa = PBXResourcesBuildPhase;
			buildActionMask = 2147483647;
			files = (
			);
			runOnlyForDeploymentPostprocessing = 0;
		};
/* End PBXResourcesBuildPhase section */

/* Begin PBXSourcesBuildPhase section */
		F956938629797AFF004718F1 /* Sources */ = {
			isa = PBXSourcesBuildPhase;
			buildActionMask = 2147483647;
			files = (
				F956939229797AFF004718F1 /* ViewController.swift in Sources */,
				F956938E29797AFF004718F1 /* AppDelegate.swift in Sources */,
				F956939029797AFF004718F1 /* SceneDelegate.swift in Sources */,
			);
			runOnlyForDeploymentPostprocessing = 0;
		};
		F956939C29797B00004718F1 /* Sources */ = {
			isa = PBXSourcesBuildPhase;
			buildActionMask = 2147483647;
			files = (
				F95693A529797B00004718F1 /* NoticeBoardTests.swift in Sources */,
			);
			runOnlyForDeploymentPostprocessing = 0;
		};
		F95693A629797B00004718F1 /* Sources */ = {
			isa = PBXSourcesBuildPhase;
			buildActionMask = 2147483647;
			files = (
				F95693AF29797B00004718F1 /* NoticeBoardUITests.swift in Sources */,
				F95693B129797B00004718F1 /* NoticeBoardUITestsLaunchTests.swift in Sources */,
			);
			runOnlyForDeploymentPostprocessing = 0;
		};
/* End PBXSourcesBuildPhase section */

/* Begin PBXTargetDependency section */
		F95693A229797B00004718F1 /* PBXTargetDependency */ = {
			isa = PBXTargetDependency;
			target = F956938929797AFF004718F1 /* NoticeBoard */;
			targetProxy = F95693A129797B00004718F1 /* PBXContainerItemProxy */;
		};
		F95693AC29797B00004718F1 /* PBXTargetDependency */ = {
			isa = PBXTargetDependency;
			target = F956938929797AFF004718F1 /* NoticeBoard */;
			targetProxy = F95693AB29797B00004718F1 /* PBXContainerItemProxy */;
		};
/* End PBXTargetDependency section */

/* Begin PBXVariantGroup section */
		F956939329797AFF004718F1 /* Main.storyboard */ = {
			isa = PBXVariantGroup;
			children = (
				F956939429797AFF004718F1 /* Base */,
			);
			name = Main.storyboard;
			sourceTree = "<group>";
		};
		F956939829797AFF004718F1 /* LaunchScreen.storyboard */ = {
			isa = PBXVariantGroup;
			children = (
				F956939929797AFF004718F1 /* Base */,
			);
			name = LaunchScreen.storyboard;
			sourceTree = "<group>";
		};
/* End PBXVariantGroup section */

/* Begin XCBuildConfiguration section */
		F95693B229797B00004718F1 /* Debug */ = {
			isa = XCBuildConfiguration;
			buildSettings = {
				ALWAYS_SEARCH_USER_PATHS = NO;
				CLANG_ANALYZER_NONNULL = YES;
				CLANG_ANALYZER_NUMBER_OBJECT_CONVERSION = YES_AGGRESSIVE;
				CLANG_CXX_LANGUAGE_STANDARD = "gnu++20";
				CLANG_ENABLE_MODULES = YES;
				CLANG_ENABLE_OBJC_ARC = YES;
				CLANG_ENABLE_OBJC_WEAK = YES;
				CLANG_WARN_BLOCK_CAPTURE_AUTORELEASING = YES;
				CLANG_WARN_BOOL_CONVERSION = YES;
				CLANG_WARN_COMMA = YES;
				CLANG_WARN_CONSTANT_CONVERSION = YES;
				CLANG_WARN_DEPRECATED_OBJC_IMPLEMENTATIONS = YES;
				CLANG_WARN_DIRECT_OBJC_ISA_USAGE = YES_ERROR;
				CLANG_WARN_DOCUMENTATION_COMMENTS = YES;
				CLANG_WARN_EMPTY_BODY = YES;
				CLANG_WARN_ENUM_CONVERSION = YES;
				CLANG_WARN_INFINITE_RECURSION = YES;
				CLANG_WARN_INT_CONVERSION = YES;
				CLANG_WARN_NON_LITERAL_NULL_CONVERSION = YES;
				CLANG_WARN_OBJC_IMPLICIT_RETAIN_SELF = YES;
				CLANG_WARN_OBJC_LITERAL_CONVERSION = YES;
				CLANG_WARN_OBJC_ROOT_CLASS = YES_ERROR;
				CLANG_WARN_QUOTED_INCLUDE_IN_FRAMEWORK_HEADER = YES;
				CLANG_WARN_RANGE_LOOP_ANALYSIS = YES;
				CLANG_WARN_STRICT_PROTOTYPES = YES;
				CLANG_WARN_SUSPICIOUS_MOVE = YES;
				CLANG_WARN_UNGUARDED_AVAILABILITY = YES_AGGRESSIVE;
				CLANG_WARN_UNREACHABLE_CODE = YES;
				CLANG_WARN__DUPLICATE_METHOD_MATCH = YES;
				COPY_PHASE_STRIP = NO;
				DEBUG_INFORMATION_FORMAT = dwarf;
				ENABLE_STRICT_OBJC_MSGSEND = YES;
				ENABLE_TESTABILITY = YES;
				GCC_C_LANGUAGE_STANDARD = gnu11;
				GCC_DYNAMIC_NO_PIC = NO;
				GCC_NO_COMMON_BLOCKS = YES;
				GCC_OPTIMIZATION_LEVEL = 0;
				GCC_PREPROCESSOR_DEFINITIONS = (
					"DEBUG=1",
					"$(inherited)",
				);
				GCC_WARN_64_TO_32_BIT_CONVERSION = YES;
				GCC_WARN_ABOUT_RETURN_TYPE = YES_ERROR;
				GCC_WARN_UNDECLARED_SELECTOR = YES;
				GCC_WARN_UNINITIALIZED_AUTOS = YES_AGGRESSIVE;
				GCC_WARN_UNUSED_FUNCTION = YES;
				GCC_WARN_UNUSED_VARIABLE = YES;
				IPHONEOS_DEPLOYMENT_TARGET = 16.2;
				MTL_ENABLE_DEBUG_INFO = INCLUDE_SOURCE;
				MTL_FAST_MATH = YES;
				ONLY_ACTIVE_ARCH = YES;
				SDKROOT = iphoneos;
				SWIFT_ACTIVE_COMPILATION_CONDITIONS = DEBUG;
				SWIFT_OPTIMIZATION_LEVEL = "-Onone";
			};
			name = Debug;
		};
		F95693B329797B00004718F1 /* Release */ = {
			isa = XCBuildConfiguration;
			buildSettings = {
				ALWAYS_SEARCH_USER_PATHS = NO;
				CLANG_ANALYZER_NONNULL = YES;
				CLANG_ANALYZER_NUMBER_OBJECT_CONVERSION = YES_AGGRESSIVE;
				CLANG_CXX_LANGUAGE_STANDARD = "gnu++20";
				CLANG_ENABLE_MODULES = YES;
				CLANG_ENABLE_OBJC_ARC = YES;
				CLANG_ENABLE_OBJC_WEAK = YES;
				CLANG_WARN_BLOCK_CAPTURE_AUTORELEASING = YES;
				CLANG_WARN_BOOL_CONVERSION = YES;
				CLANG_WARN_COMMA = YES;
				CLANG_WARN_CONSTANT_CONVERSION = YES;
				CLANG_WARN_DEPRECATED_OBJC_IMPLEMENTATIONS = YES;
				CLANG_WARN_DIRECT_OBJC_ISA_USAGE = YES_ERROR;
				CLANG_WARN_DOCUMENTATION_COMMENTS = YES;
				CLANG_WARN_EMPTY_BODY = YES;
				CLANG_WARN_ENUM_CONVERSION = YES;
				CLANG_WARN_INFINITE_RECURSION = YES;
				CLANG_WARN_INT_CONVERSION = YES;
				CLANG_WARN_NON_LITERAL_NULL_CONVERSION = YES;
				CLANG_WARN_OBJC_IMPLICIT_RETAIN_SELF = YES;
				CLANG_WARN_OBJC_LITERAL_CONVERSION = YES;
				CLANG_WARN_OBJC_ROOT_CLASS = YES_ERROR;
				CLANG_WARN_QUOTED_INCLUDE_IN_FRAMEWORK_HEADER = YES;
				CLANG_WARN_RANGE_LOOP_ANALYSIS = YES;
				CLANG_WARN_STRICT_PROTOTYPES = YES;
				CLANG_WARN_SUSPICIOUS_MOVE = YES;
				CLANG_WARN_UNGUARDED_AVAILABILITY = YES_AGGRESSIVE;
				CLANG_WARN_UNREACHABLE_CODE = YES;
				CLANG_WARN__DUPLICATE_METHOD_MATCH = YES;
				COPY_PHASE_STRIP = NO;
				DEBUG_INFORMATION_FORMAT = "dwarf-with-dsym";
				ENABLE_NS_ASSERTIONS = NO;
				ENABLE_STRICT_OBJC_MSGSEND = YES;
				GCC_C_LANGUAGE_STANDARD = gnu11;
				GCC_NO_COMMON_BLOCKS = YES;
				GCC_WARN_64_TO_32_BIT_CONVERSION = YES;
				GCC_WARN_ABOUT_RETURN_TYPE = YES_ERROR;
				GCC_WARN_UNDECLARED_SELECTOR = YES;
				GCC_WARN_UNINITIALIZED_AUTOS = YES_AGGRESSIVE;
				GCC_WARN_UNUSED_FUNCTION = YES;
				GCC_WARN_UNUSED_VARIABLE = YES;
				IPHONEOS_DEPLOYMENT_TARGET = 16.2;
				MTL_ENABLE_DEBUG_INFO = NO;
				MTL_FAST_MATH = YES;
				SDKROOT = iphoneos;
				SWIFT_COMPILATION_MODE = wholemodule;
				SWIFT_OPTIMIZATION_LEVEL = "-O";
				VALIDATE_PRODUCT = YES;
			};
			name = Release;
		};
		F95693B529797B00004718F1 /* Debug */ = {
			isa = XCBuildConfiguration;
			buildSettings = {
				ASSETCATALOG_COMPILER_APPICON_NAME = AppIcon;
				ASSETCATALOG_COMPILER_GLOBAL_ACCENT_COLOR_NAME = AccentColor;
				CODE_SIGN_STYLE = Automatic;
				CURRENT_PROJECT_VERSION = 1;
				DEVELOPMENT_TEAM = W6DTN8P75H;
				GENERATE_INFOPLIST_FILE = YES;
				INFOPLIST_FILE = NoticeBoard/Info.plist;
				INFOPLIST_KEY_UIApplicationSupportsIndirectInputEvents = YES;
				INFOPLIST_KEY_UILaunchStoryboardName = LaunchScreen;
				INFOPLIST_KEY_UIMainStoryboardFile = Main;
				INFOPLIST_KEY_UISupportedInterfaceOrientations_iPad = "UIInterfaceOrientationPortrait UIInterfaceOrientationPortraitUpsideDown UIInterfaceOrientationLandscapeLeft UIInterfaceOrientationLandscapeRight";
				INFOPLIST_KEY_UISupportedInterfaceOrientations_iPhone = "UIInterfaceOrientationPortrait UIInterfaceOrientationLandscapeLeft UIInterfaceOrientationLandscapeRight";
				LD_RUNPATH_SEARCH_PATHS = (
					"$(inherited)",
					"@executable_path/Frameworks",
				);
				MARKETING_VERSION = 1.0;
				PRODUCT_BUNDLE_IDENTIFIER = com.anitej.NoticeBoard;
				PRODUCT_NAME = "$(TARGET_NAME)";
				SWIFT_EMIT_LOC_STRINGS = YES;
				SWIFT_VERSION = 5.0;
				TARGETED_DEVICE_FAMILY = "1,2";
			};
			name = Debug;
		};
		F95693B629797B00004718F1 /* Release */ = {
			isa = XCBuildConfiguration;
			buildSettings = {
				ASSETCATALOG_COMPILER_APPICON_NAME = AppIcon;
				ASSETCATALOG_COMPILER_GLOBAL_ACCENT_COLOR_NAME = AccentColor;
				CODE_SIGN_STYLE = Automatic;
				CURRENT_PROJECT_VERSION = 1;
				DEVELOPMENT_TEAM = W6DTN8P75H;
				GENERATE_INFOPLIST_FILE = YES;
				INFOPLIST_FILE = NoticeBoard/Info.plist;
				INFOPLIST_KEY_UIApplicationSupportsIndirectInputEvents = YES;
				INFOPLIST_KEY_UILaunchStoryboardName = LaunchScreen;
				INFOPLIST_KEY_UIMainStoryboardFile = Main;
				INFOPLIST_KEY_UISupportedInterfaceOrientations_iPad = "UIInterfaceOrientationPortrait UIInterfaceOrientationPortraitUpsideDown UIInterfaceOrientationLandscapeLeft UIInterfaceOrientationLandscapeRight";
				INFOPLIST_KEY_UISupportedInterfaceOrientations_iPhone = "UIInterfaceOrientationPortrait UIInterfaceOrientationLandscapeLeft UIInterfaceOrientationLandscapeRight";
				LD_RUNPATH_SEARCH_PATHS = (
					"$(inherited)",
					"@executable_path/Frameworks",
				);
				MARKETING_VERSION = 1.0;
				PRODUCT_BUNDLE_IDENTIFIER = com.anitej.NoticeBoard;
				PRODUCT_NAME = "$(TARGET_NAME)";
				SWIFT_EMIT_LOC_STRINGS = YES;
				SWIFT_VERSION = 5.0;
				TARGETED_DEVICE_FAMILY = "1,2";
			};
			name = Release;
		};
		F95693B829797B00004718F1 /* Debug */ = {
			isa = XCBuildConfiguration;
			buildSettings = {
				ALWAYS_EMBED_SWIFT_STANDARD_LIBRARIES = YES;
				BUNDLE_LOADER = "$(TEST_HOST)";
				CODE_SIGN_STYLE = Automatic;
				CURRENT_PROJECT_VERSION = 1;
				DEVELOPMENT_TEAM = W6DTN8P75H;
				GENERATE_INFOPLIST_FILE = YES;
				IPHONEOS_DEPLOYMENT_TARGET = 16.2;
				MARKETING_VERSION = 1.0;
				PRODUCT_BUNDLE_IDENTIFIER = com.anitej.NoticeBoardTests;
				PRODUCT_NAME = "$(TARGET_NAME)";
				SWIFT_EMIT_LOC_STRINGS = NO;
				SWIFT_VERSION = 5.0;
				TARGETED_DEVICE_FAMILY = "1,2";
				TEST_HOST = "$(BUILT_PRODUCTS_DIR)/NoticeBoard.app/$(BUNDLE_EXECUTABLE_FOLDER_PATH)/NoticeBoard";
			};
			name = Debug;
		};
		F95693B929797B00004718F1 /* Release */ = {
			isa = XCBuildConfiguration;
			buildSettings = {
				ALWAYS_EMBED_SWIFT_STANDARD_LIBRARIES = YES;
				BUNDLE_LOADER = "$(TEST_HOST)";
				CODE_SIGN_STYLE = Automatic;
				CURRENT_PROJECT_VERSION = 1;
				DEVELOPMENT_TEAM = W6DTN8P75H;
				GENERATE_INFOPLIST_FILE = YES;
				IPHONEOS_DEPLOYMENT_TARGET = 16.2;
				MARKETING_VERSION = 1.0;
				PRODUCT_BUNDLE_IDENTIFIER = com.anitej.NoticeBoardTests;
				PRODUCT_NAME = "$(TARGET_NAME)";
				SWIFT_EMIT_LOC_STRINGS = NO;
				SWIFT_VERSION = 5.0;
				TARGETED_DEVICE_FAMILY = "1,2";
				TEST_HOST = "$(BUILT_PRODUCTS_DIR)/NoticeBoard.app/$(BUNDLE_EXECUTABLE_FOLDER_PATH)/NoticeBoard";
			};
			name = Release;
		};
		F95693BB29797B00004718F1 /* Debug */ = {
			isa = XCBuildConfiguration;
			buildSettings = {
				ALWAYS_EMBED_SWIFT_STANDARD_LIBRARIES = YES;
				CODE_SIGN_STYLE = Automatic;
				CURRENT_PROJECT_VERSION = 1;
				DEVELOPMENT_TEAM = W6DTN8P75H;
				GENERATE_INFOPLIST_FILE = YES;
				MARKETING_VERSION = 1.0;
				PRODUCT_BUNDLE_IDENTIFIER = com.anitej.NoticeBoardUITests;
				PRODUCT_NAME = "$(TARGET_NAME)";
				SWIFT_EMIT_LOC_STRINGS = NO;
				SWIFT_VERSION = 5.0;
				TARGETED_DEVICE_FAMILY = "1,2";
				TEST_TARGET_NAME = NoticeBoard;
			};
			name = Debug;
		};
		F95693BC29797B00004718F1 /* Release */ = {
			isa = XCBuildConfiguration;
			buildSettings = {
				ALWAYS_EMBED_SWIFT_STANDARD_LIBRARIES = YES;
				CODE_SIGN_STYLE = Automatic;
				CURRENT_PROJECT_VERSION = 1;
				DEVELOPMENT_TEAM = W6DTN8P75H;
				GENERATE_INFOPLIST_FILE = YES;
				MARKETING_VERSION = 1.0;
				PRODUCT_BUNDLE_IDENTIFIER = com.anitej.NoticeBoardUITests;
				PRODUCT_NAME = "$(TARGET_NAME)";
				SWIFT_EMIT_LOC_STRINGS = NO;
				SWIFT_VERSION = 5.0;
				TARGETED_DEVICE_FAMILY = "1,2";
				TEST_TARGET_NAME = NoticeBoard;
			};
			name = Release;
		};
/* End XCBuildConfiguration section */

/* Begin XCConfigurationList section */
		F956938529797AFF004718F1 /* Build configuration list for PBXProject "NoticeBoard" */ = {
			isa = XCConfigurationList;
			buildConfigurations = (
				F95693B229797B00004718F1 /* Debug */,
				F95693B329797B00004718F1 /* Release */,
			);
			defaultConfigurationIsVisible = 0;
			defaultConfigurationName = Release;
		};
		F95693B429797B00004718F1 /* Build configuration list for PBXNativeTarget "NoticeBoard" */ = {
			isa = XCConfigurationList;
			buildConfigurations = (
				F95693B529797B00004718F1 /* Debug */,
				F95693B629797B00004718F1 /* Release */,
			);
			defaultConfigurationIsVisible = 0;
			defaultConfigurationName = Release;
		};
		F95693B729797B00004718F1 /* Build configuration list for PBXNativeTarget "NoticeBoardTests" */ = {
			isa = XCConfigurationList;
			buildConfigurations = (
				F95693B829797B00004718F1 /* Debug */,
				F95693B929797B00004718F1 /* Release */,
			);
			defaultConfigurationIsVisible = 0;
			defaultConfigurationName = Release;
		};
		F95693BA29797B00004718F1 /* Build configuration list for PBXNativeTarget "NoticeBoardUITests" */ = {
			isa = XCConfigurationList;
			buildConfigurations = (
				F95693BB29797B00004718F1 /* Debug */,
				F95693BC29797B00004718F1 /* Release */,
			);
			defaultConfigurationIsVisible = 0;
			defaultConfigurationName = Release;
		};
/* End XCConfigurationList section */
	};
	rootObject = F956938229797AFF004718F1 /* Project object */;
}
